
Microsoft Visual Studio Solution File, Format Version 12.00
# Visual Studio Version 17
VisualStudioVersion = 17.14.36221.1
MinimumVisualStudioVersion = 10.0.40219.1
Project("{FAE04EC0-301F-11D3-BF4B-00C04F79EFBC}") = "StealTheCats", "StealTheCats\StealTheCats.csproj", "{45C834DC-9F5A-4EA0-BE74-2DE7284AFAC8}"
EndProject
Project("{FAE04EC0-301F-11D3-BF4B-00C04F79EFBC}") = "StealTheCats.Tests", "StealTheCats.Tests\StealTheCats.Tests.csproj", "{C622D0C4-7ED6-403C-931C-23A0F6D021A0}"
EndProject
Global
	GlobalSection(SolutionConfigurationPlatforms) = preSolution
		Debug|Any CPU = Debug|Any CPU
		Debug|x64 = Debug|x64
		Debug|x86 = Debug|x86
		Release|Any CPU = Release|Any CPU
		Release|x64 = Release|x64
		Release|x86 = Release|x86
	EndGlobalSection
	GlobalSection(ProjectConfigurationPlatforms) = postSolution
		{45C834DC-9F5A-4EA0-BE74-2DE7284AFAC8}.Debug|Any CPU.ActiveCfg = Debug|Any CPU
		{45C834DC-9F5A-4EA0-BE74-2DE7284AFAC8}.Debug|Any CPU.Build.0 = Debug|Any CPU
		{45C834DC-9F5A-4EA0-BE74-2DE7284AFAC8}.Debug|x64.ActiveCfg = Debug|Any CPU
		{45C834DC-9F5A-4EA0-BE74-2DE7284AFAC8}.Debug|x64.Build.0 = Debug|Any CPU
		{45C834DC-9F5A-4EA0-BE74-2DE7284AFAC8}.Debug|x86.ActiveCfg = Debug|Any CPU
		{45C834DC-9F5A-4EA0-BE74-2DE7284AFAC8}.Debug|x86.Build.0 = Debug|Any CPU
		{45C834DC-9F5A-4EA0-BE74-2DE7284AFAC8}.Release|Any CPU.ActiveCfg = Release|Any CPU
		{45C834DC-9F5A-4EA0-BE74-2DE7284AFAC8}.Release|Any CPU.Build.0 = Release|Any CPU
		{45C834DC-9F5A-4EA0-BE74-2DE7284AFAC8}.Release|x64.ActiveCfg = Release|Any CPU
		{45C834DC-9F5A-4EA0-BE74-2DE7284AFAC8}.Release|x64.Build.0 = Release|Any CPU
		{45C834DC-9F5A-4EA0-BE74-2DE7284AFAC8}.Release|x86.ActiveCfg = Release|Any CPU
		{45C834DC-9F5A-4EA0-BE74-2DE7284AFAC8}.Release|x86.Build.0 = Release|Any CPU
		{C622D0C4-7ED6-403C-931C-23A0F6D021A0}.Debug|Any CPU.ActiveCfg = Debug|Any CPU
		{C622D0C4-7ED6-403C-931C-23A0F6D021A0}.Debug|Any CPU.Build.0 = Debug|Any CPU
		{C622D0C4-7ED6-403C-931C-23A0F6D021A0}.Debug|x64.ActiveCfg = Debug|Any CPU
		{C622D0C4-7ED6-403C-931C-23A0F6D021A0}.Debug|x64.Build.0 = Debug|Any CPU
		{C622D0C4-7ED6-403C-931C-23A0F6D021A0}.Debug|x86.ActiveCfg = Debug|Any CPU
		{C622D0C4-7ED6-403C-931C-23A0F6D021A0}.Debug|x86.Build.0 = Debug|Any CPU
		{C622D0C4-7ED6-403C-931C-23A0F6D021A0}.Release|Any CPU.ActiveCfg = Release|Any CPU
		{C622D0C4-7ED6-403C-931C-23A0F6D021A0}.Release|Any CPU.Build.0 = Release|Any CPU
		{C622D0C4-7ED6-403C-931C-23A0F6D021A0}.Release|x64.ActiveCfg = Release|Any CPU
		{C622D0C4-7ED6-403C-931C-23A0F6D021A0}.Release|x64.Build.0 = Release|Any CPU
		{C622D0C4-7ED6-403C-931C-23A0F6D021A0}.Release|x86.ActiveCfg = Release|Any CPU
		{C622D0C4-7ED6-403C-931C-23A0F6D021A0}.Release|x86.Build.0 = Release|Any CPU
	EndGlobalSection
	GlobalSection(SolutionProperties) = preSolution
		HideSolutionNode = FALSE
	EndGlobalSection
	GlobalSection(ExtensibilityGlobals) = postSolution
		SolutionGuid = {ED52888A-78F0-4652-8697-118A557F46ED}
	EndGlobalSection
EndGlobal
